PODS:
  - CropViewController (2.6.1)
  - DKCamera (1.6.7)
  - DKImagePickerController (4.3.4):
    - DKImagePickerController/Camera (= 4.3.4)
    - DKImagePickerController/Core (= 4.3.4)
    - DKImagePickerController/ImageDataManager (= 4.3.4)
    - DKImagePickerController/InlineCamera (= 4.3.4)
    - DKImagePickerController/PhotoEditor (= 4.3.4)
    - DKImagePickerController/PhotoGallery (= 4.3.4)
    - DKImagePickerController/Resource (= 4.3.4)
  - DKImagePickerController/Camera (4.3.4):
    - DKCamera
    - DKImagePickerController/Core
  - DKImagePickerController/Core (4.3.4):
    - DKImagePickerController/ImageDataManager
    - DKImagePickerController/Resource
  - DKImagePickerController/ImageDataManager (4.3.4)
  - DKImagePickerController/InlineCamera (4.3.4):
    - DKCamera
    - DKImagePickerController/Core
  - DKImagePickerController/PhotoEditor (4.3.4):
    - CropViewController (~> 2.5)
    - DKImagePickerController/Core
  - DKImagePickerController/PhotoGallery (4.3.4):
    - DKImagePickerController/Core
    - DKPhotoGallery
  - DKImagePickerController/Resource (4.3.4)
  - DKPhotoGallery (0.0.17):
    - DKPhotoGallery/Core (= 0.0.17)
    - DKPhotoGallery/Model (= 0.0.17)
    - DKPhotoGallery/Preview (= 0.0.17)
    - DKPhotoGallery/Resource (= 0.0.17)
    - SDWebImage
    - SwiftyGif
  - DKPhotoGallery/Core (0.0.17):
    - DKPhotoGallery/Model
    - DKPhotoGallery/Preview
    - SDWebImage
    - SwiftyGif
  - DKPhotoGallery/Model (0.0.17):
    - SDWebImage
    - SwiftyGif
  - DKPhotoGallery/Preview (0.0.17):
    - DKPhotoGallery/Model
    - DKPhotoGallery/Resource
    - SDWebImage
    - SwiftyGif
  - DKPhotoGallery/Resource (0.0.17):
    - SDWebImage
    - SwiftyGif
  - SDWebImage (5.13.3):
    - SDWebImage/Core (= 5.13.3)
  - SDWebImage/Core (5.13.3)
  - SnapKit (5.6.0)
  - SwiftyGif (5.4.3)

DEPENDENCIES:
  - DKImagePickerController
  - SnapKit

SPEC REPOS:
  trunk:
    - CropViewController
    - DKCamera
    - DKImagePickerController
    - DKPhotoGallery
    - SDWebImage
    - SnapKit
    - SwiftyGif

SPEC CHECKSUMS:
  CropViewController: 58fb440f30dac788b129d2a1f24cffdcb102669c
  DKCamera: a902b66921fca14b7a75266feb8c7568aa7caa71
  DKImagePickerController: b512c28220a2b8ac7419f21c491fc8534b7601ac
  DKPhotoGallery: fdfad5125a9fdda9cc57df834d49df790dbb4179
  SDWebImage: af5bbffef2cde09f148d826f9733dcde1a9414cd
  SnapKit: e01d52ebb8ddbc333eefe2132acf85c8227d9c25
  SwiftyGif: 6c3eafd0ce693cad58bb63d2b2fb9bacb8552780

PODFILE CHECKSUM: 8c3dac575145dd001efd4cdd02a2ed2444b4e1c6

COCOAPODS: 1.11.3
